
Microsoft Visual Studio Solution File, Format Version 12.00
# Visual Studio Version 17
VisualStudioVersion = 17.8.34525.116
MinimumVisualStudioVersion = 10.0.40219.1
Project("{9A19103F-16F7-4668-BE54-9A1E7A4F7556}") = "Sheenam.Api", "Sheenam.Api\Sheenam.Api.csproj", "{A3D8335C-4E59-412F-93BD-163A6BE4FEB6}"
EndProject
Project("{FAE04EC0-301F-11D3-BF4B-00C04F79EFBC}") = "Sheenam.Api.Tests.Unit", "Sheenam.Api.Tests.Unit\Sheenam.Api.Tests.Unit.csproj", "{14835D01-9741-4F74-BA21-9455213EDA1E}"
EndProject
Global
	GlobalSection(SolutionConfigurationPlatforms) = preSolution
		Debug|Any CPU = Debug|Any CPU
		Release|Any CPU = Release|Any CPU
	EndGlobalSection
	GlobalSection(ProjectConfigurationPlatforms) = postSolution
		{A3D8335C-4E59-412F-93BD-163A6BE4FEB6}.Debug|Any CPU.ActiveCfg = Debug|Any CPU
		{A3D8335C-4E59-412F-93BD-163A6BE4FEB6}.Debug|Any CPU.Build.0 = Debug|Any CPU
		{A3D8335C-4E59-412F-93BD-163A6BE4FEB6}.Release|Any CPU.ActiveCfg = Release|Any CPU
		{A3D8335C-4E59-412F-93BD-163A6BE4FEB6}.Release|Any CPU.Build.0 = Release|Any CPU
		{14835D01-9741-4F74-BA21-9455213EDA1E}.Debug|Any CPU.ActiveCfg = Debug|Any CPU
		{14835D01-9741-4F74-BA21-9455213EDA1E}.Debug|Any CPU.Build.0 = Debug|Any CPU
		{14835D01-9741-4F74-BA21-9455213EDA1E}.Release|Any CPU.ActiveCfg = Release|Any CPU
		{14835D01-9741-4F74-BA21-9455213EDA1E}.Release|Any CPU.Build.0 = Release|Any CPU
	EndGlobalSection
	GlobalSection(SolutionProperties) = preSolution
		HideSolutionNode = FALSE
	EndGlobalSection
	GlobalSection(ExtensibilityGlobals) = postSolution
		SolutionGuid = {928BF5CC-AD37-4F62-B88D-539C835DFC5B}
	EndGlobalSection
EndGlobal
